
Microsoft Visual Studio Solution File, Format Version 12.00
# Visual Studio 15
VisualStudioVersion = 15.0.27703.2047
MinimumVisualStudioVersion = 10.0.40219.1
Project("{D4B43EB3-688B-4EEE-86BD-088F0B28ABB3}") = "Buster.Git.Test", "Buster.Git.Test\Buster.Git.Test.mpproj", "{A224A52C-C90C-4BCD-8DDA-0DA3DB815D85}"
EndProject
Global
	GlobalSection(SolutionConfigurationPlatforms) = preSolution
		Debug|x86 = Debug|x86
		Release|x86 = Release|x86
	EndGlobalSection
	GlobalSection(ProjectConfigurationPlatforms) = postSolution
		{A224A52C-C90C-4BCD-8DDA-0DA3DB815D85}.Debug|x86.ActiveCfg = Debug|x86
		{A224A52C-C90C-4BCD-8DDA-0DA3DB815D85}.Debug|x86.Build.0 = Debug|x86
		{A224A52C-C90C-4BCD-8DDA-0DA3DB815D85}.Release|x86.ActiveCfg = Release|x86
		{A224A52C-C90C-4BCD-8DDA-0DA3DB815D85}.Release|x86.Build.0 = Release|x86
	EndGlobalSection
	GlobalSection(SolutionProperties) = preSolution
		HideSolutionNode = FALSE
	EndGlobalSection
	GlobalSection(ExtensibilityGlobals) = postSolution
		SolutionGuid = {366A5262-3DBE-4BC6-9FDE-0FC7C251F3A0}
	EndGlobalSection
EndGlobal
